# THIS IS AN AUTOGENERATED FILE. DO NOT EDIT THIS FILE DIRECTLY.
# yarn lockfile v1


"@babel/parser@^7.16.4":
  version "7.16.10"
  resolved "https://registry.yarnpkg.com/@babel/parser/-/parser-7.16.10.tgz#aba1b1cb9696a24a19f59c41af9cf17d1c716a88"
  integrity sha512-Sm/S9Or6nN8uiFsQU1yodyDW3MWXQhFeqzMPM+t8MJjM+pLsnFVxFZzkpXKvUXh+Gz9cbMoYYs484+Jw/NTEFQ==

"@popperjs/core@^2.9.0":
  version "2.11.2"
  resolved "https://registry.yarnpkg.com/@popperjs/core/-/core-2.11.2.tgz#830beaec4b4091a9e9398ac50f865ddea52186b9"
  integrity sha512-92FRmppjjqz29VMJ2dn+xdyXZBrMlE42AV6Kq6BwjWV7CNUW1hs2FtxSNLQE+gJhaZ6AAmYuO9y8dshhcBl7vA==

"@types/debug@^4.0.0":
  version "4.1.7"
  resolved "https://registry.yarnpkg.com/@types/debug/-/debug-4.1.7.tgz#7cc0ea761509124709b8b2d1090d8f6c17aadb82"
  integrity sha512-9AonUzyTjXXhEOa0DnqpzZi6VHlqKMswga9EXjpXnnqxwLtdvPPtlO8evrI5D9S6asFRCQ6v+wpiUKbw+vKqyg==
  dependencies:
    "@types/ms" "*"

"@types/mdast@^3.0.0":
  version "3.0.10"
  resolved "https://registry.yarnpkg.com/@types/mdast/-/mdast-3.0.10.tgz#4724244a82a4598884cbbe9bcfd73dff927ee8af"
  integrity sha512-W864tg/Osz1+9f4lrGTZpCSO5/z4608eUp19tbozkq2HJK6i3z1kT0H9tlADXuYIb1YYOBByU4Jsqkk75q48qA==
  dependencies:
    "@types/unist" "*"

"@types/ms@*":
  version "0.7.31"
  resolved "https://registry.yarnpkg.com/@types/ms/-/ms-0.7.31.tgz#31b7ca6407128a3d2bbc27fe2d21b345397f6197"
  integrity sha512-iiUgKzV9AuaEkZqkOLDIvlQiL6ltuZd9tGcW3gwpnX8JbuiuhFlEGmmFXEXkN50Cvq7Os88IY2v0dkDqXYWVgA==

"@types/supports-color@^8.0.0":
  version "8.1.1"
  resolved "https://registry.yarnpkg.com/@types/supports-color/-/supports-color-8.1.1.tgz#1b44b1b096479273adf7f93c75fc4ecc40a61ee4"
  integrity sha512-dPWnWsf+kzIG140B8z2w3fr5D03TLWbOAFQl45xUpI3vcizeXriNR5VYkWZ+WTMsUHqZ9Xlt3hrxGNANFyNQfw==

"@types/unist@*", "@types/unist@^2.0.0":
  version "2.0.6"
  resolved "https://registry.yarnpkg.com/@types/unist/-/unist-2.0.6.tgz#250a7b16c3b91f672a24552ec64678eeb1d3a08d"
  integrity sha512-PBjIUxZHOuj0R15/xuwJYjFi+KZdNFrehocChv4g5hu6aFroHue8m0lBP0POdK2nKzbw0cgV1mws8+V/JAcEkQ==

"@vitejs/plugin-vue@^2.0.0", "@vitejs/plugin-vue@^2.1.0":
  version "2.1.0"
  resolved "https://registry.yarnpkg.com/@vitejs/plugin-vue/-/plugin-vue-2.1.0.tgz#ddf5e0059f84f2ff649afc25ce5a59211e670542"
  integrity sha512-AZ78WxvFMYd8JmM/GBV6a6SGGTU0GgN/0/4T+FnMMsLzFEzTeAUwuraapy50ifHZsC+G5SvWs86bvaCPTneFlA==

"@vue/compiler-core@3.2.28":
  version "3.2.28"
  resolved "https://registry.yarnpkg.com/@vue/compiler-core/-/compiler-core-3.2.28.tgz#7f6aa4b167f0ae0413f3c36e507c898db06e8fe8"
  integrity sha512-mQpfEjmHVxmWKaup0HL6tLMv2HqjjJu7XT4/q0IoUXYXC4xKG8lIVn5YChJqxBTLPuQjzas7u7i9L4PAWJZRtA==
  dependencies:
    "@babel/parser" "^7.16.4"
    "@vue/shared" "3.2.28"
    estree-walker "^2.0.2"
    source-map "^0.6.1"

"@vue/compiler-dom@3.2.28":
  version "3.2.28"
  resolved "https://registry.yarnpkg.com/@vue/compiler-dom/-/compiler-dom-3.2.28.tgz#cc32a987fee50673f25430df35ea943f252c23e6"
  integrity sha512-KA4yXceLteKC7VykvPnViUixemQw3A+oii+deSbZJOQKQKVh1HLosI10qxa8ImPCyun41+wG3uGR+tW7eu1W6Q==
  dependencies:
    "@vue/compiler-core" "3.2.28"
    "@vue/shared" "3.2.28"

"@vue/compiler-sfc@3.2.28":
  version "3.2.28"
  resolved "https://registry.yarnpkg.com/@vue/compiler-sfc/-/compiler-sfc-3.2.28.tgz#0a576c09abc72d6a76b153133de6fd7599c182c3"
  integrity sha512-zB0WznfEBb4CbGBHzhboHDKVO5nxbkbxxFo9iVlxObP7a9/qvA5kkZEuT7nXP52f3b3qEfmVTjIT23Lo1ndZdQ==
  dependencies:
    "@babel/parser" "^7.16.4"
    "@vue/compiler-core" "3.2.28"
    "@vue/compiler-dom" "3.2.28"
    "@vue/compiler-ssr" "3.2.28"
    "@vue/reactivity-transform" "3.2.28"
    "@vue/shared" "3.2.28"
    estree-walker "^2.0.2"
    magic-string "^0.25.7"
    postcss "^8.1.10"
    source-map "^0.6.1"

"@vue/compiler-ssr@3.2.28":
  version "3.2.28"
  resolved "https://registry.yarnpkg.com/@vue/compiler-ssr/-/compiler-ssr-3.2.28.tgz#411e8b3bdc3183b2acd35e6551734b34366d64e5"
  integrity sha512-z8rck1PDTu20iLyip9lAvIhaO40DUJrw3Zv0mS4Apfh3PlfWpF5dhsO5g0dgt213wgYsQIYVIlU9cfrYapqRgg==
  dependencies:
    "@vue/compiler-dom" "3.2.28"
    "@vue/shared" "3.2.28"

"@vue/reactivity-transform@3.2.28":
  version "3.2.28"
  resolved "https://registry.yarnpkg.com/@vue/reactivity-transform/-/reactivity-transform-3.2.28.tgz#e0abf86694f4d182f974fbac934fc3e23e0a6d9b"
  integrity sha512-zE8idNkOPnBDd2tKSIk84hOQZ+jXKvSy5FoIIVlcNEJHnCFnQ3maqeSJ9KoB2Rf6EXUhFTiTDNRlYlXmT2uHbQ==
  dependencies:
    "@babel/parser" "^7.16.4"
    "@vue/compiler-core" "3.2.28"
    "@vue/shared" "3.2.28"
    estree-walker "^2.0.2"
    magic-string "^0.25.7"

"@vue/reactivity@3.2.28":
  version "3.2.28"
  resolved "https://registry.yarnpkg.com/@vue/reactivity/-/reactivity-3.2.28.tgz#1c3c7f434372edd867f937151897fca7efc4be18"
  integrity sha512-WamM5LGv7JIarW+EYAzYFqYonZXjTnOjNW0sBO93jRE9I1ReAwfH8NvQXkPA3JZ3fuF6SGDdG8Y9/+dKjd/1Gw==
  dependencies:
    "@vue/shared" "3.2.28"

"@vue/runtime-core@3.2.28":
  version "3.2.28"
  resolved "https://registry.yarnpkg.com/@vue/runtime-core/-/runtime-core-3.2.28.tgz#69d8eede42957a1660b964004aa002982ae36a41"
  integrity sha512-sVbBMFUt42JatTlXbdH6tVcLPw1eEOrrVQWI+j6/nJVzR852RURaT6DhdR0azdYscxq4xmmBctE0VQmlibBOFw==
  dependencies:
    "@vue/reactivity" "3.2.28"
    "@vue/shared" "3.2.28"

"@vue/runtime-dom@3.2.28":
  version "3.2.28"
  resolved "https://registry.yarnpkg.com/@vue/runtime-dom/-/runtime-dom-3.2.28.tgz#b5a0cf38daed5534edbc95790f4eeac97dff2003"
  integrity sha512-Jg7cxZanEXXGu1QnZILFLnDrM+MIFN8VAullmMZiJEZziHvhygRMpi0ahNy/8OqGwtTze1JNhLdHRBO+q2hbmg==
  dependencies:
    "@vue/runtime-core" "3.2.28"
    "@vue/shared" "3.2.28"
    csstype "^2.6.8"

"@vue/server-renderer@3.2.28":
  version "3.2.28"
  resolved "https://registry.yarnpkg.com/@vue/server-renderer/-/server-renderer-3.2.28.tgz#235944dc4d969fadd387f62acc2eb8b8d50008a2"
  integrity sha512-S+MhurgkPabRvhdDl8R6efKBmniJqBbbWIYTXADaJIKFLFLQCW4gcYUTbxuebzk6j3z485vpekhrHHymTF52Pg==
  dependencies:
    "@vue/compiler-ssr" "3.2.28"
    "@vue/shared" "3.2.28"

"@vue/shared@3.2.28":
  version "3.2.28"
  resolved "https://registry.yarnpkg.com/@vue/shared/-/shared-3.2.28.tgz#5b0b1840432031d0ea1adff633b356a503e87048"
  integrity sha512-eMQ8s9j8FpbGHlgUAaj/coaG3Q8YtMsoWL/RIHTsE3Ex7PUTyr7V91vB5HqWB5Sn8m4RXTHGO22/skoTUYvp0A==

ansi-regex@^6.0.1:
  version "6.0.1"
  resolved "https://registry.yarnpkg.com/ansi-regex/-/ansi-regex-6.0.1.tgz#3183e38fae9a65d7cb5e53945cd5897d0260a06a"
  integrity sha512-n5M855fKb2SsfMIiFFoVrABHJC8QtHwVx+mHWP3QcEqBHYienj5dHSgjbxtC0WEZXYt4wcD6zrQElDPhFuZgfA==

bail@^2.0.0:
  version "2.0.2"
  resolved "https://registry.yarnpkg.com/bail/-/bail-2.0.2.tgz#d26f5cd8fe5d6f832a31517b9f7c356040ba6d5d"
  integrity sha512-0xO6mYd7JB2YesxDKplafRpsiOzPt9V02ddPCLbY1xYGPOX24NTyN50qnUxgCPcSoYMhKpAuBTjQoRZCAkUDRw==

character-entities@^2.0.0:
  version "2.0.1"
  resolved "https://registry.yarnpkg.com/character-entities/-/character-entities-2.0.1.tgz#98724833e1e27990dee0bd0f2b8a859c3476aac7"
  integrity sha512-OzmutCf2Kmc+6DrFrrPS8/tDh2+DpnrfzdICHWhcVC9eOd0N1PXmQEE1a8iM4IziIAG+8tmTq3K+oo0ubH6RRQ==

csstype@^2.6.8:
  version "2.6.19"
  resolved "https://registry.yarnpkg.com/csstype/-/csstype-2.6.19.tgz#feeb5aae89020bb389e1f63669a5ed490e391caa"
  integrity sha512-ZVxXaNy28/k3kJg0Fou5MiYpp88j7H9hLZp8PDC3jV0WFjfH5E9xHb56L0W59cPbKbcHXeP4qyT8PrHp8t6LcQ==

debug@^4.0.0:
  version "4.3.3"
  resolved "https://registry.yarnpkg.com/debug/-/debug-4.3.3.tgz#04266e0b70a98d4462e6e288e38259213332b664"
  integrity sha512-/zxw5+vh1Tfv+4Qn7a5nsbcJKPaSvCDhojn6FEl9vupwK2VCSDtEiEtqr8DFtzYFOdz63LBkxec7DYuc2jon6Q==
  dependencies:
    ms "2.1.2"

decode-named-character-reference@^1.0.0:
  version "1.0.1"
  resolved "https://registry.yarnpkg.com/decode-named-character-reference/-/decode-named-character-reference-1.0.1.tgz#57b2bd9112659cacbc449d3577d7dadb8e1f3d1b"
  integrity sha512-YV/0HQHreRwKb7uBopyIkLG17jG6Sv2qUchk9qSoVJ2f+flwRsPNBO0hAnjt6mTNYUT+vw9Gy2ihXg4sUWPi2w==
  dependencies:
    character-entities "^2.0.0"

dequal@^2.0.0:
  version "2.0.2"
  resolved "https://registry.yarnpkg.com/dequal/-/dequal-2.0.2.tgz#85ca22025e3a87e65ef75a7a437b35284a7e319d"
  integrity sha512-q9K8BlJVxK7hQYqa6XISGmBZbtQQWVXSrRrWreHC94rMt1QL/Impruc+7p2CYSYuVIUr+YCt6hjrs1kkdJRTug==

diff@^5.0.0:
  version "5.0.0"
  resolved "https://registry.yarnpkg.com/diff/-/diff-5.0.0.tgz#7ed6ad76d859d030787ec35855f5b1daf31d852b"
  integrity sha512-/VTCrvm5Z0JGty/BWHljh+BAiw3IK+2j87NGMu8Nwc/f48WoDAC395uomO9ZD117ZOBaHmkX1oyLvkVM/aIT3w==

eastasianwidth@^0.2.0:
  version "0.2.0"
  resolved "https://registry.yarnpkg.com/eastasianwidth/-/eastasianwidth-0.2.0.tgz#696ce2ec0aa0e6ea93a397ffcf24aa7840c827cb"
  integrity sha512-I88TYZWc9XiYHRQ4/3c5rjjfgkjhLyW2luGIheGERbNQ6OY7yTybanSpDXZa8y7VUP9YmDcYa+eyq4ca7iLqWA==

emoji-regex@^9.2.2:
  version "9.2.2"
  resolved "https://registry.yarnpkg.com/emoji-regex/-/emoji-regex-9.2.2.tgz#840c8803b0d8047f4ff0cf963176b32d4ef3ed72"
  integrity sha512-L18DaJsXSUk2+42pv8mLs5jJT2hqFkFE4j21wOmgbUqsZ2hL72NsUU785g9RXgo3s0ZNgVl42TiHp3ZtOv/Vyg==

esbuild-android-arm64@0.13.15:
  version "0.13.15"
  resolved "https://registry.yarnpkg.com/esbuild-android-arm64/-/esbuild-android-arm64-0.13.15.tgz#3fc3ff0bab76fe35dd237476b5d2b32bb20a3d44"
  integrity sha512-m602nft/XXeO8YQPUDVoHfjyRVPdPgjyyXOxZ44MK/agewFFkPa8tUo6lAzSWh5Ui5PB4KR9UIFTSBKh/RrCmg==

esbuild-darwin-64@0.13.15:
  version "0.13.15"
  resolved "https://registry.yarnpkg.com/esbuild-darwin-64/-/esbuild-darwin-64-0.13.15.tgz#8e9169c16baf444eacec60d09b24d11b255a8e72"
  integrity sha512-ihOQRGs2yyp7t5bArCwnvn2Atr6X4axqPpEdCFPVp7iUj4cVSdisgvEKdNR7yH3JDjW6aQDw40iQFoTqejqxvQ==

esbuild-darwin-arm64@0.13.15:
  version "0.13.15"
  resolved "https://registry.yarnpkg.com/esbuild-darwin-arm64/-/esbuild-darwin-arm64-0.13.15.tgz#1b07f893b632114f805e188ddfca41b2b778229a"
  integrity sha512-i1FZssTVxUqNlJ6cBTj5YQj4imWy3m49RZRnHhLpefFIh0To05ow9DTrXROTE1urGTQCloFUXTX8QfGJy1P8dQ==

esbuild-freebsd-64@0.13.15:
  version "0.13.15"
  resolved "https://registry.yarnpkg.com/esbuild-freebsd-64/-/esbuild-freebsd-64-0.13.15.tgz#0b8b7eca1690c8ec94c75680c38c07269c1f4a85"
  integrity sha512-G3dLBXUI6lC6Z09/x+WtXBXbOYQZ0E8TDBqvn7aMaOCzryJs8LyVXKY4CPnHFXZAbSwkCbqiPuSQ1+HhrNk7EA==

esbuild-freebsd-arm64@0.13.15:
  version "0.13.15"
  resolved "https://registry.yarnpkg.com/esbuild-freebsd-arm64/-/esbuild-freebsd-arm64-0.13.15.tgz#2e1a6c696bfdcd20a99578b76350b41db1934e52"
  integrity sha512-KJx0fzEDf1uhNOZQStV4ujg30WlnwqUASaGSFPhznLM/bbheu9HhqZ6mJJZM32lkyfGJikw0jg7v3S0oAvtvQQ==

esbuild-linux-32@0.13.15:
  version "0.13.15"
  resolved "https://registry.yarnpkg.com/esbuild-linux-32/-/esbuild-linux-32-0.13.15.tgz#6fd39f36fc66dd45b6b5f515728c7bbebc342a69"
  integrity sha512-ZvTBPk0YWCLMCXiFmD5EUtB30zIPvC5Itxz0mdTu/xZBbbHJftQgLWY49wEPSn2T/TxahYCRDWun5smRa0Tu+g==

esbuild-linux-64@0.13.15:
  version "0.13.15"
  resolved "https://registry.yarnpkg.com/esbuild-linux-64/-/esbuild-linux-64-0.13.15.tgz#9cb8e4bcd7574e67946e4ee5f1f1e12386bb6dd3"
  integrity sha512-eCKzkNSLywNeQTRBxJRQ0jxRCl2YWdMB3+PkWFo2BBQYC5mISLIVIjThNtn6HUNqua1pnvgP5xX0nHbZbPj5oA==

esbuild-linux-arm64@0.13.15:
  version "0.13.15"
  resolved "https://registry.yarnpkg.com/esbuild-linux-arm64/-/esbuild-linux-arm64-0.13.15.tgz#3891aa3704ec579a1b92d2a586122e5b6a2bfba1"
  integrity sha512-bYpuUlN6qYU9slzr/ltyLTR9YTBS7qUDymO8SV7kjeNext61OdmqFAzuVZom+OLW1HPHseBfJ/JfdSlx8oTUoA==

esbuild-linux-arm@0.13.15:
  version "0.13.15"
  resolved "https://registry.yarnpkg.com/esbuild-linux-arm/-/esbuild-linux-arm-0.13.15.tgz#8a00e99e6a0c6c9a6b7f334841364d8a2b4aecfe"
  integrity sha512-wUHttDi/ol0tD8ZgUMDH8Ef7IbDX+/UsWJOXaAyTdkT7Yy9ZBqPg8bgB/Dn3CZ9SBpNieozrPRHm0BGww7W/jA==

esbuild-linux-mips64le@0.13.15:
  version "0.13.15"
  resolved "https://registry.yarnpkg.com/esbuild-linux-mips64le/-/esbuild-linux-mips64le-0.13.15.tgz#36b07cc47c3d21e48db3bb1f4d9ef8f46aead4f7"
  integrity sha512-KlVjIG828uFPyJkO/8gKwy9RbXhCEUeFsCGOJBepUlpa7G8/SeZgncUEz/tOOUJTcWMTmFMtdd3GElGyAtbSWg==

esbuild-linux-ppc64le@0.13.15:
  version "0.13.15"
  resolved "https://registry.yarnpkg.com/esbuild-linux-ppc64le/-/esbuild-linux-ppc64le-0.13.15.tgz#f7e6bba40b9a11eb9dcae5b01550ea04670edad2"
  integrity sha512-h6gYF+OsaqEuBjeesTBtUPw0bmiDu7eAeuc2OEH9S6mV9/jPhPdhOWzdeshb0BskRZxPhxPOjqZ+/OqLcxQwEQ==

esbuild-netbsd-64@0.13.15:
  version "0.13.15"
  resolved "https://registry.yarnpkg.com/esbuild-netbsd-64/-/esbuild-netbsd-64-0.13.15.tgz#a2fedc549c2b629d580a732d840712b08d440038"
  integrity sha512-3+yE9emwoevLMyvu+iR3rsa+Xwhie7ZEHMGDQ6dkqP/ndFzRHkobHUKTe+NCApSqG5ce2z4rFu+NX/UHnxlh3w==

esbuild-openbsd-64@0.13.15:
  version "0.13.15"
  resolved "https://registry.yarnpkg.com/esbuild-openbsd-64/-/esbuild-openbsd-64-0.13.15.tgz#b22c0e5806d3a1fbf0325872037f885306b05cd7"
  integrity sha512-wTfvtwYJYAFL1fSs8yHIdf5GEE4NkbtbXtjLWjM3Cw8mmQKqsg8kTiqJ9NJQe5NX/5Qlo7Xd9r1yKMMkHllp5g==

esbuild-sunos-64@0.13.15:
  version "0.13.15"
  resolved "https://registry.yarnpkg.com/esbuild-sunos-64/-/esbuild-sunos-64-0.13.15.tgz#d0b6454a88375ee8d3964daeff55c85c91c7cef4"
  integrity sha512-lbivT9Bx3t1iWWrSnGyBP9ODriEvWDRiweAs69vI+miJoeKwHWOComSRukttbuzjZ8r1q0mQJ8Z7yUsDJ3hKdw==

esbuild-windows-32@0.13.15:
  version "0.13.15"
  resolved "https://registry.yarnpkg.com/esbuild-windows-32/-/esbuild-windows-32-0.13.15.tgz#c96d0b9bbb52f3303322582ef8e4847c5ad375a7"
  integrity sha512-fDMEf2g3SsJ599MBr50cY5ve5lP1wyVwTe6aLJsM01KtxyKkB4UT+fc5MXQFn3RLrAIAZOG+tHC+yXObpSn7Nw==

esbuild-windows-64@0.13.15:
  version "0.13.15"
  resolved "https://registry.yarnpkg.com/esbuild-windows-64/-/esbuild-windows-64-0.13.15.tgz#1f79cb9b1e1bb02fb25cd414cb90d4ea2892c294"
  integrity sha512-9aMsPRGDWCd3bGjUIKG/ZOJPKsiztlxl/Q3C1XDswO6eNX/Jtwu4M+jb6YDH9hRSUflQWX0XKAfWzgy5Wk54JQ==

esbuild-windows-arm64@0.13.15:
  version "0.13.15"
  resolved "https://registry.yarnpkg.com/esbuild-windows-arm64/-/esbuild-windows-arm64-0.13.15.tgz#482173070810df22a752c686509c370c3be3b3c3"
  integrity sha512-zzvyCVVpbwQQATaf3IG8mu1IwGEiDxKkYUdA4FpoCHi1KtPa13jeScYDjlW0Qh+ebWzpKfR2ZwvqAQkSWNcKjA==

esbuild@^0.13.12:
  version "0.13.15"
  resolved "https://registry.yarnpkg.com/esbuild/-/esbuild-0.13.15.tgz#db56a88166ee373f87dbb2d8798ff449e0450cdf"
  integrity sha512-raCxt02HBKv8RJxE8vkTSCXGIyKHdEdGfUmiYb8wnabnaEmHzyW7DCHb5tEN0xU8ryqg5xw54mcwnYkC4x3AIw==
  optionalDependencies:
    esbuild-android-arm64 "0.13.15"
    esbuild-darwin-64 "0.13.15"
    esbuild-darwin-arm64 "0.13.15"
    esbuild-freebsd-64 "0.13.15"
    esbuild-freebsd-arm64 "0.13.15"
    esbuild-linux-32 "0.13.15"
    esbuild-linux-64 "0.13.15"
    esbuild-linux-arm "0.13.15"
    esbuild-linux-arm64 "0.13.15"
    esbuild-linux-mips64le "0.13.15"
    esbuild-linux-ppc64le "0.13.15"
    esbuild-netbsd-64 "0.13.15"
    esbuild-openbsd-64 "0.13.15"
    esbuild-sunos-64 "0.13.15"
    esbuild-windows-32 "0.13.15"
    esbuild-windows-64 "0.13.15"
    esbuild-windows-arm64 "0.13.15"

estree-walker@^2.0.2:
  version "2.0.2"
  resolved "https://registry.yarnpkg.com/estree-walker/-/estree-walker-2.0.2.tgz#52f010178c2a4c117a7757cfe942adb7d2da4cac"
  integrity sha512-Rfkk/Mp/DL7JVje3u18FxFujQlTNR2q6QfMSMB7AvCBx91NGj/ba3kCfza0f6dVDbw7YlRf/nDrn7pQrCCyQ/w==

extend@^3.0.0:
  version "3.0.2"
  resolved "https://registry.yarnpkg.com/extend/-/extend-3.0.2.tgz#f8b1136b4071fbd8eb140aff858b1019ec2915fa"
  integrity sha512-fjquC59cD7CyW6urNXK0FBufkZcoiGG80wTuPujX590cB5Ttln20E2UB4S/WARVqhXffZl2LNgS+gQdPIIim/g==

fsevents@~2.3.2:
  version "2.3.2"
  resolved "https://registry.yarnpkg.com/fsevents/-/fsevents-2.3.2.tgz#8a526f78b8fdf4623b709e0b975c52c24c02fd1a"
  integrity sha512-xiqMQR4xAeHTuB9uWm+fFRcIOgKBMiOBP+eXiyT7jsgVCq1bkVygt00oASowB7EdtpOHaaPgKt812P9ab+DDKA==

function-bind@^1.1.1:
  version "1.1.1"
  resolved "https://registry.yarnpkg.com/function-bind/-/function-bind-1.1.1.tgz#a56899d3ea3c9bab874bb9773b7c5ede92f4895d"
  integrity sha512-yIovAzMX49sF8Yl58fSCWJ5svSLuaibPxXQJFLmBObTuCr0Mf1KiPopGM9NiFjiYBCbfaa2Fh6breQ6ANVTI0A==

has@^1.0.3:
  version "1.0.3"
  resolved "https://registry.yarnpkg.com/has/-/has-1.0.3.tgz#722d7cbfc1f6aa8241f16dd814e011e1f41e8796"
  integrity sha512-f2dvO0VU6Oej7RkWJGrehjbzMAjFp5/VKPp5tTpWIV4JHHZK1/BxbFRtf/siA2SWTe09caDmVtYYzWEIbBS4zw==
  dependencies:
    function-bind "^1.1.1"

is-buffer@^2.0.0:
  version "2.0.5"
  resolved "https://registry.yarnpkg.com/is-buffer/-/is-buffer-2.0.5.tgz#ebc252e400d22ff8d77fa09888821a24a658c191"
  integrity sha512-i2R6zNFDwgEHJyQUtJEk0XFi1i0dPFn/oqjK3/vPCcDeJvW5NQ83V8QbicfF1SupOaB0h8ntgBC2YiE7dfyctQ==

is-core-module@^2.8.0:
  version "2.8.1"
  resolved "https://registry.yarnpkg.com/is-core-module/-/is-core-module-2.8.1.tgz#f59fdfca701d5879d0a6b100a40aa1560ce27211"
  integrity sha512-SdNCUs284hr40hFTFP6l0IfZ/RSrMXF3qgoRHd3/79unUTvrFO/JoXwkGm+5J/Oe3E/b5GsnG330uUNgRpu1PA==
  dependencies:
    has "^1.0.3"

is-plain-obj@^4.0.0:
  version "4.0.0"
  resolved "https://registry.yarnpkg.com/is-plain-obj/-/is-plain-obj-4.0.0.tgz#06c0999fd7574edf5a906ba5644ad0feb3a84d22"
  integrity sha512-NXRbBtUdBioI73y/HmOhogw/U5msYPC9DAtGkJXeFcFWSFZw0mCUsPxk/snTuJHzNKA8kLBK4rH97RMB1BfCXw==

kleur@^4.0.3:
  version "4.1.4"
  resolved "https://registry.yarnpkg.com/kleur/-/kleur-4.1.4.tgz#8c202987d7e577766d039a8cd461934c01cda04d"
  integrity sha512-8QADVssbrFjivHWQU7KkMgptGTl6WAcSdlbBPY4uNF+mWr6DGcKrvY2w4FQJoXch7+fKMjj0dRrL75vk3k23OA==

longest-streak@^3.0.0:
  version "3.0.1"
  resolved "https://registry.yarnpkg.com/longest-streak/-/longest-streak-3.0.1.tgz#c97315b7afa0e7d9525db9a5a2953651432bdc5d"
  integrity sha512-cHlYSUpL2s7Fb3394mYxwTYj8niTaNHUCLr0qdiCXQfSjfuA7CKofpX2uSwEfFDQ0EB7JcnMnm+GjbqqoinYYg==

magic-string@^0.25.7:
  version "0.25.7"
  resolved "https://registry.yarnpkg.com/magic-string/-/magic-string-0.25.7.tgz#3f497d6fd34c669c6798dcb821f2ef31f5445051"
  integrity sha512-4CrMT5DOHTDk4HYDlzmwu4FVCcIYI8gauveasrdCu2IKIFOJ3f0v/8MDGJCDL9oD2ppz/Av1b0Nj345H9M+XIA==
  dependencies:
    sourcemap-codec "^1.4.4"

mdast-util-from-markdown@^1.0.0:
  version "1.2.0"
  resolved "https://registry.yarnpkg.com/mdast-util-from-markdown/-/mdast-util-from-markdown-1.2.0.tgz#84df2924ccc6c995dec1e2368b2b208ad0a76268"
  integrity sha512-iZJyyvKD1+K7QX1b5jXdE7Sc5dtoTry1vzV28UZZe8Z1xVnB/czKntJ7ZAkG0tANqRnBF6p3p7GpU1y19DTf2Q==
  dependencies:
    "@types/mdast" "^3.0.0"
    "@types/unist" "^2.0.0"
    decode-named-character-reference "^1.0.0"
    mdast-util-to-string "^3.1.0"
    micromark "^3.0.0"
    micromark-util-decode-numeric-character-reference "^1.0.0"
    micromark-util-decode-string "^1.0.0"
    micromark-util-normalize-identifier "^1.0.0"
    micromark-util-symbol "^1.0.0"
    micromark-util-types "^1.0.0"
    unist-util-stringify-position "^3.0.0"
    uvu "^0.5.0"

mdast-util-to-markdown@^1.0.0:
  version "1.2.6"
  resolved "https://registry.yarnpkg.com/mdast-util-to-markdown/-/mdast-util-to-markdown-1.2.6.tgz#9d0d1fcb22838e4af83fb04841cbde92525972f3"
  integrity sha512-doJZmTEGagHypWvJ8ltinmwUsT9ZaNgNIQW6Gl7jNdsI1QZkTHTimYW561Niy2s8AEPAqEgV0dIh2UOVlSXUJA==
  dependencies:
    "@types/mdast" "^3.0.0"
    "@types/unist" "^2.0.0"
    longest-streak "^3.0.0"
    mdast-util-to-string "^3.0.0"
    micromark-util-decode-string "^1.0.0"
    unist-util-visit "^4.0.0"
    zwitch "^2.0.0"

mdast-util-to-string@^3.0.0, mdast-util-to-string@^3.1.0:
  version "3.1.0"
  resolved "https://registry.yarnpkg.com/mdast-util-to-string/-/mdast-util-to-string-3.1.0.tgz#56c506d065fbf769515235e577b5a261552d56e9"
  integrity sha512-n4Vypz/DZgwo0iMHLQL49dJzlp7YtAJP+N07MZHpjPf/5XJuHUWstviF4Mn2jEiR/GNmtnRRqnwsXExk3igfFA==

micromark-core-commonmark@^1.0.1:
  version "1.0.6"
  resolved "https://registry.yarnpkg.com/micromark-core-commonmark/-/micromark-core-commonmark-1.0.6.tgz#edff4c72e5993d93724a3c206970f5a15b0585ad"
  integrity sha512-K+PkJTxqjFfSNkfAhp4GB+cZPfQd6dxtTXnf+RjZOV7T4EEXnvgzOcnp+eSTmpGk9d1S9sL6/lqrgSNn/s0HZA==
  dependencies:
    decode-named-character-reference "^1.0.0"
    micromark-factory-destination "^1.0.0"
    micromark-factory-label "^1.0.0"
    micromark-factory-space "^1.0.0"
    micromark-factory-title "^1.0.0"
    micromark-factory-whitespace "^1.0.0"
    micromark-util-character "^1.0.0"
    micromark-util-chunked "^1.0.0"
    micromark-util-classify-character "^1.0.0"
    micromark-util-html-tag-name "^1.0.0"
    micromark-util-normalize-identifier "^1.0.0"
    micromark-util-resolve-all "^1.0.0"
    micromark-util-subtokenize "^1.0.0"
    micromark-util-symbol "^1.0.0"
    micromark-util-types "^1.0.1"
    uvu "^0.5.0"

micromark-factory-destination@^1.0.0:
  version "1.0.0"
  resolved "https://registry.yarnpkg.com/micromark-factory-destination/-/micromark-factory-destination-1.0.0.tgz#fef1cb59ad4997c496f887b6977aa3034a5a277e"
  integrity sha512-eUBA7Rs1/xtTVun9TmV3gjfPz2wEwgK5R5xcbIM5ZYAtvGF6JkyaDsj0agx8urXnO31tEO6Ug83iVH3tdedLnw==
  dependencies:
    micromark-util-character "^1.0.0"
    micromark-util-symbol "^1.0.0"
    micromark-util-types "^1.0.0"

micromark-factory-label@^1.0.0:
  version "1.0.2"
  resolved "https://registry.yarnpkg.com/micromark-factory-label/-/micromark-factory-label-1.0.2.tgz#6be2551fa8d13542fcbbac478258fb7a20047137"
  integrity sha512-CTIwxlOnU7dEshXDQ+dsr2n+yxpP0+fn271pu0bwDIS8uqfFcumXpj5mLn3hSC8iw2MUr6Gx8EcKng1dD7i6hg==
  dependencies:
    micromark-util-character "^1.0.0"
    micromark-util-symbol "^1.0.0"
    micromark-util-types "^1.0.0"
    uvu "^0.5.0"

micromark-factory-space@^1.0.0:
  version "1.0.0"
  resolved "https://registry.yarnpkg.com/micromark-factory-space/-/micromark-factory-space-1.0.0.tgz#cebff49968f2b9616c0fcb239e96685cb9497633"
  integrity sha512-qUmqs4kj9a5yBnk3JMLyjtWYN6Mzfcx8uJfi5XAveBniDevmZasdGBba5b4QsvRcAkmvGo5ACmSUmyGiKTLZew==
  dependencies:
    micromark-util-character "^1.0.0"
    micromark-util-types "^1.0.0"

micromark-factory-title@^1.0.0:
  version "1.0.2"
  resolved "https://registry.yarnpkg.com/micromark-factory-title/-/micromark-factory-title-1.0.2.tgz#7e09287c3748ff1693930f176e1c4a328382494f"
  integrity sha512-zily+Nr4yFqgMGRKLpTVsNl5L4PMu485fGFDOQJQBl2NFpjGte1e86zC0da93wf97jrc4+2G2GQudFMHn3IX+A==
  dependencies:
    micromark-factory-space "^1.0.0"
    micromark-util-character "^1.0.0"
    micromark-util-symbol "^1.0.0"
    micromark-util-types "^1.0.0"
    uvu "^0.5.0"

micromark-factory-whitespace@^1.0.0:
  version "1.0.0"
  resolved "https://registry.yarnpkg.com/micromark-factory-whitespace/-/micromark-factory-whitespace-1.0.0.tgz#e991e043ad376c1ba52f4e49858ce0794678621c"
  integrity sha512-Qx7uEyahU1lt1RnsECBiuEbfr9INjQTGa6Err+gF3g0Tx4YEviPbqqGKNv/NrBaE7dVHdn1bVZKM/n5I/Bak7A==
  dependencies:
    micromark-factory-space "^1.0.0"
    micromark-util-character "^1.0.0"
    micromark-util-symbol "^1.0.0"
    micromark-util-types "^1.0.0"

micromark-util-character@^1.0.0:
  version "1.1.0"
  resolved "https://registry.yarnpkg.com/micromark-util-character/-/micromark-util-character-1.1.0.tgz#d97c54d5742a0d9611a68ca0cd4124331f264d86"
  integrity sha512-agJ5B3unGNJ9rJvADMJ5ZiYjBRyDpzKAOk01Kpi1TKhlT1APx3XZk6eN7RtSz1erbWHC2L8T3xLZ81wdtGRZzg==
  dependencies:
    micromark-util-symbol "^1.0.0"
    micromark-util-types "^1.0.0"

micromark-util-chunked@^1.0.0:
  version "1.0.0"
  resolved "https://registry.yarnpkg.com/micromark-util-chunked/-/micromark-util-chunked-1.0.0.tgz#5b40d83f3d53b84c4c6bce30ed4257e9a4c79d06"
  integrity sha512-5e8xTis5tEZKgesfbQMKRCyzvffRRUX+lK/y+DvsMFdabAicPkkZV6gO+FEWi9RfuKKoxxPwNL+dFF0SMImc1g==
  dependencies:
    micromark-util-symbol "^1.0.0"

micromark-util-classify-character@^1.0.0:
  version "1.0.0"
  resolved "https://registry.yarnpkg.com/micromark-util-classify-character/-/micromark-util-classify-character-1.0.0.tgz#cbd7b447cb79ee6997dd274a46fc4eb806460a20"
  integrity sha512-F8oW2KKrQRb3vS5ud5HIqBVkCqQi224Nm55o5wYLzY/9PwHGXC01tr3d7+TqHHz6zrKQ72Okwtvm/xQm6OVNZA==
  dependencies:
    micromark-util-character "^1.0.0"
    micromark-util-symbol "^1.0.0"
    micromark-util-types "^1.0.0"

micromark-util-combine-extensions@^1.0.0:
  version "1.0.0"
  resolved "https://registry.yarnpkg.com/micromark-util-combine-extensions/-/micromark-util-combine-extensions-1.0.0.tgz#91418e1e74fb893e3628b8d496085639124ff3d5"
  integrity sha512-J8H058vFBdo/6+AsjHp2NF7AJ02SZtWaVUjsayNFeAiydTxUwViQPxN0Hf8dp4FmCQi0UUFovFsEyRSUmFH3MA==
  dependencies:
    micromark-util-chunked "^1.0.0"
    micromark-util-types "^1.0.0"

micromark-util-decode-numeric-character-reference@^1.0.0:
  version "1.0.0"
  resolved "https://registry.yarnpkg.com/micromark-util-decode-numeric-character-reference/-/micromark-util-decode-numeric-character-reference-1.0.0.tgz#dcc85f13b5bd93ff8d2868c3dba28039d490b946"
  integrity sha512-OzO9AI5VUtrTD7KSdagf4MWgHMtET17Ua1fIpXTpuhclCqD8egFWo85GxSGvxgkGS74bEahvtM0WP0HjvV0e4w==
  dependencies:
    micromark-util-symbol "^1.0.0"

micromark-util-decode-string@^1.0.0:
  version "1.0.2"
  resolved "https://registry.yarnpkg.com/micromark-util-decode-string/-/micromark-util-decode-string-1.0.2.tgz#942252ab7a76dec2dbf089cc32505ee2bc3acf02"
  integrity sha512-DLT5Ho02qr6QWVNYbRZ3RYOSSWWFuH3tJexd3dgN1odEuPNxCngTCXJum7+ViRAd9BbdxCvMToPOD/IvVhzG6Q==
  dependencies:
    decode-named-character-reference "^1.0.0"
    micromark-util-character "^1.0.0"
    micromark-util-decode-numeric-character-reference "^1.0.0"
    micromark-util-symbol "^1.0.0"

micromark-util-encode@^1.0.0:
  version "1.0.1"
  resolved "https://registry.yarnpkg.com/micromark-util-encode/-/micromark-util-encode-1.0.1.tgz#2c1c22d3800870ad770ece5686ebca5920353383"
  integrity sha512-U2s5YdnAYexjKDel31SVMPbfi+eF8y1U4pfiRW/Y8EFVCy/vgxk/2wWTxzcqE71LHtCuCzlBDRU2a5CQ5j+mQA==

micromark-util-html-tag-name@^1.0.0:
  version "1.0.0"
  resolved "https://registry.yarnpkg.com/micromark-util-html-tag-name/-/micromark-util-html-tag-name-1.0.0.tgz#75737e92fef50af0c6212bd309bc5cb8dbd489ed"
  integrity sha512-NenEKIshW2ZI/ERv9HtFNsrn3llSPZtY337LID/24WeLqMzeZhBEE6BQ0vS2ZBjshm5n40chKtJ3qjAbVV8S0g==

micromark-util-normalize-identifier@^1.0.0:
  version "1.0.0"
  resolved "https://registry.yarnpkg.com/micromark-util-normalize-identifier/-/micromark-util-normalize-identifier-1.0.0.tgz#4a3539cb8db954bbec5203952bfe8cedadae7828"
  integrity sha512-yg+zrL14bBTFrQ7n35CmByWUTFsgst5JhA4gJYoty4Dqzj4Z4Fr/DHekSS5aLfH9bdlfnSvKAWsAgJhIbogyBg==
  dependencies:
    micromark-util-symbol "^1.0.0"

micromark-util-resolve-all@^1.0.0:
  version "1.0.0"
  resolved "https://registry.yarnpkg.com/micromark-util-resolve-all/-/micromark-util-resolve-all-1.0.0.tgz#a7c363f49a0162e931960c44f3127ab58f031d88"
  integrity sha512-CB/AGk98u50k42kvgaMM94wzBqozSzDDaonKU7P7jwQIuH2RU0TeBqGYJz2WY1UdihhjweivStrJ2JdkdEmcfw==
  dependencies:
    micromark-util-types "^1.0.0"

micromark-util-sanitize-uri@^1.0.0:
  version "1.0.0"
  resolved "https://registry.yarnpkg.com/micromark-util-sanitize-uri/-/micromark-util-sanitize-uri-1.0.0.tgz#27dc875397cd15102274c6c6da5585d34d4f12b2"
  integrity sha512-cCxvBKlmac4rxCGx6ejlIviRaMKZc0fWm5HdCHEeDWRSkn44l6NdYVRyU+0nT1XC72EQJMZV8IPHF+jTr56lAg==
  dependencies:
    micromark-util-character "^1.0.0"
    micromark-util-encode "^1.0.0"
    micromark-util-symbol "^1.0.0"

micromark-util-subtokenize@^1.0.0:
  version "1.0.2"
  resolved "https://registry.yarnpkg.com/micromark-util-subtokenize/-/micromark-util-subtokenize-1.0.2.tgz#ff6f1af6ac836f8bfdbf9b02f40431760ad89105"
  integrity sha512-d90uqCnXp/cy4G881Ub4psE57Sf8YD0pim9QdjCRNjfas2M1u6Lbt+XZK9gnHL2XFhnozZiEdCa9CNfXSfQ6xA==
  dependencies:
    micromark-util-chunked "^1.0.0"
    micromark-util-symbol "^1.0.0"
    micromark-util-types "^1.0.0"
    uvu "^0.5.0"

micromark-util-symbol@^1.0.0:
  version "1.0.1"
  resolved "https://registry.yarnpkg.com/micromark-util-symbol/-/micromark-util-symbol-1.0.1.tgz#b90344db62042ce454f351cf0bebcc0a6da4920e"
  integrity sha512-oKDEMK2u5qqAptasDAwWDXq0tG9AssVwAx3E9bBF3t/shRIGsWIRG+cGafs2p/SnDSOecnt6hZPCE2o6lHfFmQ==

micromark-util-types@^1.0.0, micromark-util-types@^1.0.1:
  version "1.0.2"
  resolved "https://registry.yarnpkg.com/micromark-util-types/-/micromark-util-types-1.0.2.tgz#f4220fdb319205812f99c40f8c87a9be83eded20"
  integrity sha512-DCfg/T8fcrhrRKTPjRrw/5LLvdGV7BHySf/1LOZx7TzWZdYRjogNtyNq885z3nNallwr3QUKARjqvHqX1/7t+w==

micromark@^3.0.0:
  version "3.0.10"
  resolved "https://registry.yarnpkg.com/micromark/-/micromark-3.0.10.tgz#1eac156f0399d42736458a14b0ca2d86190b457c"
  integrity sha512-ryTDy6UUunOXy2HPjelppgJ2sNfcPz1pLlMdA6Rz9jPzhLikWXv/irpWV/I2jd68Uhmny7hHxAlAhk4+vWggpg==
  dependencies:
    "@types/debug" "^4.0.0"
    debug "^4.0.0"
    decode-named-character-reference "^1.0.0"
    micromark-core-commonmark "^1.0.1"
    micromark-factory-space "^1.0.0"
    micromark-util-character "^1.0.0"
    micromark-util-chunked "^1.0.0"
    micromark-util-combine-extensions "^1.0.0"
    micromark-util-decode-numeric-character-reference "^1.0.0"
    micromark-util-encode "^1.0.0"
    micromark-util-normalize-identifier "^1.0.0"
    micromark-util-resolve-all "^1.0.0"
    micromark-util-sanitize-uri "^1.0.0"
    micromark-util-subtokenize "^1.0.0"
    micromark-util-symbol "^1.0.0"
    micromark-util-types "^1.0.1"
    uvu "^0.5.0"

mri@^1.1.0:
  version "1.2.0"
  resolved "https://registry.yarnpkg.com/mri/-/mri-1.2.0.tgz#6721480fec2a11a4889861115a48b6cbe7cc8f0b"
  integrity sha512-tzzskb3bG8LvYGFF/mDTpq3jpI6Q9wc3LEmBaghu+DdCssd1FakN7Bc0hVNmEyGq1bq3RgfkCb3cmQLpNPOroA==

ms@2.1.2:
  version "2.1.2"
  resolved "https://registry.yarnpkg.com/ms/-/ms-2.1.2.tgz#d09d1f357b443f493382a8eb3ccd183872ae6009"
  integrity sha512-sGkPx+VjMtmA6MX27oA4FBFELFCZZ4S4XqeGOXCv68tT+jb3vk/RyaKWP0PTKyWtmLSM0b+adUTEvbs1PEaH2w==

nanoid@^3.1.30:
  version "3.2.0"
  resolved "https://registry.yarnpkg.com/nanoid/-/nanoid-3.2.0.tgz#62667522da6673971cca916a6d3eff3f415ff80c"
  integrity sha512-fmsZYa9lpn69Ad5eDn7FMcnnSR+8R34W9qJEijxYhTbfOWzr22n1QxCMzXLK+ODyW2973V3Fux959iQoUxzUIA==

path-parse@^1.0.7:
  version "1.0.7"
  resolved "https://registry.yarnpkg.com/path-parse/-/path-parse-1.0.7.tgz#fbc114b60ca42b30d9daf5858e4bd68bbedb6735"
  integrity sha512-LDJzPVEEEPR+y48z93A0Ed0yXb8pAByGWo/k5YYdYgpY2/2EsOsksJrq7lOHxryrVOn1ejG6oAp8ahvOIQD8sw==

picocolors@^1.0.0:
  version "1.0.0"
  resolved "https://registry.yarnpkg.com/picocolors/-/picocolors-1.0.0.tgz#cb5bdc74ff3f51892236eaf79d68bc44564ab81c"
  integrity sha512-1fygroTLlHu66zi26VoTDv8yRgm0Fccecssto+MhsZ0D/DGW2sm8E8AjW7NU5VVTRt5GxbeZ5qBuJr+HyLYkjQ==

postcss@^8.1.10, postcss@^8.4.5:
  version "8.4.5"
  resolved "https://registry.yarnpkg.com/postcss/-/postcss-8.4.5.tgz#bae665764dfd4c6fcc24dc0fdf7e7aa00cc77f95"
  integrity sha512-jBDboWM8qpaqwkMwItqTQTiFikhs/67OYVvblFFTM7MrZjt6yMKd6r2kgXizEbTTljacm4NldIlZnhbjr84QYg==
  dependencies:
    nanoid "^3.1.30"
    picocolors "^1.0.0"
    source-map-js "^1.0.1"

remark-parse@^10.0.0:
  version "10.0.1"
  resolved "https://registry.yarnpkg.com/remark-parse/-/remark-parse-10.0.1.tgz#6f60ae53edbf0cf38ea223fe643db64d112e0775"
  integrity sha512-1fUyHr2jLsVOkhbvPRBJ5zTKZZyD6yZzYaWCS6BPBdQ8vEMBCH+9zNCDA6tET/zHCi/jLqjCWtlJZUPk+DbnFw==
  dependencies:
    "@types/mdast" "^3.0.0"
    mdast-util-from-markdown "^1.0.0"
    unified "^10.0.0"

remark-stringify@^10.0.0:
  version "10.0.2"
  resolved "https://registry.yarnpkg.com/remark-stringify/-/remark-stringify-10.0.2.tgz#50414a6983f5008eb9e72eed05f980582d1f69d7"
  integrity sha512-6wV3pvbPvHkbNnWB0wdDvVFHOe1hBRAx1Q/5g/EpH4RppAII6J8Gnwe7VbHuXaoKIF6LAg6ExTel/+kNqSQ7lw==
  dependencies:
    "@types/mdast" "^3.0.0"
    mdast-util-to-markdown "^1.0.0"
    unified "^10.0.0"

remark@^14.0.2:
  version "14.0.2"
  resolved "https://registry.yarnpkg.com/remark/-/remark-14.0.2.tgz#4a1833f7441a5c29e44b37bb1843fb820797b40f"
  integrity sha512-A3ARm2V4BgiRXaUo5K0dRvJ1lbogrbXnhkJRmD0yw092/Yl0kOCZt1k9ZeElEwkZsWGsMumz6qL5MfNJH9nOBA==
  dependencies:
    "@types/mdast" "^3.0.0"
    remark-parse "^10.0.0"
    remark-stringify "^10.0.0"
    unified "^10.0.0"

resolve@^1.20.0:
  version "1.21.1"
  resolved "https://registry.yarnpkg.com/resolve/-/resolve-1.21.1.tgz#1a88c73f5ca8ab0aabc8b888c4170de26c92c4cc"
  integrity sha512-lfEImVbnolPuaSZuLQ52cAxPBHeI77sPwCOWRdy12UG/CNa8an7oBHH1R+Fp1/mUqSJi4c8TIP6FOIPSZAUrEQ==
  dependencies:
    is-core-module "^2.8.0"
    path-parse "^1.0.7"
    supports-preserve-symlinks-flag "^1.0.0"

rollup@^2.59.0:
  version "2.65.0"
  resolved "https://registry.yarnpkg.com/rollup/-/rollup-2.65.0.tgz#936ed140ac28f87aff22c6ac950b3d0303fadc3b"
  integrity sha512-ohZVYrhtVMTqqeqH26sngfMiyGDg6gCUReOsoflXvYpzUkDHp8sVG8F9FQxjs72OfnLWpXP2nNNqQ9I0vkRovA==
  optionalDependencies:
    fsevents "~2.3.2"

sade@^1.7.3:
  version "1.8.1"
  resolved "https://registry.yarnpkg.com/sade/-/sade-1.8.1.tgz#0a78e81d658d394887be57d2a409bf703a3b2701"
  integrity sha512-xal3CZX1Xlo/k4ApwCFrHVACi9fBqJ7V+mwhBsuf/1IOKbBy098Fex+Wa/5QMubw09pSZ/u8EY8PWgevJsXp1A==
  dependencies:
    mri "^1.1.0"

slugify@^1.6.5:
  version "1.6.5"
  resolved "https://registry.yarnpkg.com/slugify/-/slugify-1.6.5.tgz#c8f5c072bf2135b80703589b39a3d41451fbe8c8"
  integrity sha512-8mo9bslnBO3tr5PEVFzMPIWwWnipGS0xVbYf65zxDqfNwmzYn1LpiKNrR6DlClusuvo+hDHd1zKpmfAe83NQSQ==

source-map-js@^1.0.1:
  version "1.0.2"
  resolved "https://registry.yarnpkg.com/source-map-js/-/source-map-js-1.0.2.tgz#adbc361d9c62df380125e7f161f71c826f1e490c"
  integrity sha512-R0XvVJ9WusLiqTCEiGCmICCMplcCkIwwR11mOSD9CR5u+IXYdiseeEuXCVAjS54zqwkLcPNnmU4OeJ6tUrWhDw==

source-map@^0.6.1:
  version "0.6.1"
  resolved "https://registry.yarnpkg.com/source-map/-/source-map-0.6.1.tgz#74722af32e9614e9c287a8d0bbde48b5e2f1a263"
  integrity sha512-UjgapumWlbMhkBgzT7Ykc5YXUT46F0iKu8SGXq0bcwP5dz/h0Plj6enJqjz1Zbq2l5WaqYnrVbwWOWMyF3F47g==

sourcemap-codec@^1.4.4:
  version "1.4.8"
  resolved "https://registry.yarnpkg.com/sourcemap-codec/-/sourcemap-codec-1.4.8.tgz#ea804bd94857402e6992d05a38ef1ae35a9ab4c4"
  integrity sha512-9NykojV5Uih4lgo5So5dtw+f0JgJX30KCNI8gwhz2J9A15wD0Ml6tjHKwf6fTSa6fAdVBdZeNOs9eJ71qCk8vA==

string-width@^5.0.0:
  version "5.1.0"
  resolved "https://registry.yarnpkg.com/string-width/-/string-width-5.1.0.tgz#5ab00980cfb29f43e736b113a120a73a0fb569d3"
  integrity sha512-7x54QnN21P+XL/v8SuNKvfgsUre6PXpN7mc77N3HlZv+f1SBRGmjxtOud2Z6FZ8DmdkD/IdjCaf9XXbnqmTZGQ==
  dependencies:
    eastasianwidth "^0.2.0"
    emoji-regex "^9.2.2"
    strip-ansi "^7.0.1"

strip-ansi@^7.0.1:
  version "7.0.1"
  resolved "https://registry.yarnpkg.com/strip-ansi/-/strip-ansi-7.0.1.tgz#61740a08ce36b61e50e65653f07060d000975fb2"
  integrity sha512-cXNxvT8dFNRVfhVME3JAe98mkXDYN2O1l7jmcwMnOslDeESg1rF/OZMtK0nRAhiari1unG5cD4jG3rapUAkLbw==
  dependencies:
    ansi-regex "^6.0.1"

supports-color@^9.0.0:
  version "9.2.1"
  resolved "https://registry.yarnpkg.com/supports-color/-/supports-color-9.2.1.tgz#599dc9d45acf74c6176e0d880bab1d7d718fe891"
  integrity sha512-Obv7ycoCTG51N7y175StI9BlAXrmgZrFhZOb0/PyjHBher/NmsdBgbbQ1Inhq+gIhz6+7Gb+jWF2Vqi7Mf1xnQ==

supports-preserve-symlinks-flag@^1.0.0:
  version "1.0.0"
  resolved "https://registry.yarnpkg.com/supports-preserve-symlinks-flag/-/supports-preserve-symlinks-flag-1.0.0.tgz#6eda4bd344a3c94aea376d4cc31bc77311039e09"
  integrity sha512-ot0WnXS9fgdkgIcePe6RHNk1WA8+muPa6cSjeR3V8K27q9BB1rTE3R1p7Hv0z1ZyAc8s6Vvv8DIyWf681MAt0w==

tippy.js@^6.3.7:
  version "6.3.7"
  resolved "https://registry.yarnpkg.com/tippy.js/-/tippy.js-6.3.7.tgz#8ccfb651d642010ed9a32ff29b0e9e19c5b8c61c"
  integrity sha512-E1d3oP2emgJ9dRQZdf3Kkn0qJgI6ZLpyS5z6ZkY1DF3kaQaBsGZsndEpHwx+eC+tYM41HaSNvNtLx8tU57FzTQ==
  dependencies:
    "@popperjs/core" "^2.9.0"

trough@^2.0.0:
  version "2.0.2"
  resolved "https://registry.yarnpkg.com/trough/-/trough-2.0.2.tgz#94a3aa9d5ce379fc561f6244905b3f36b7458d96"
  integrity sha512-FnHq5sTMxC0sk957wHDzRnemFnNBvt/gSY99HzK8F7UP5WAbvP70yX5bd7CjEQkN+TjdxwI7g7lJ6podqrG2/w==

turbo-darwin-64@1.0.28:
  version "1.0.28"
  resolved "https://registry.yarnpkg.com/turbo-darwin-64/-/turbo-darwin-64-1.0.28.tgz#662392368698c4e698b31871f0953836872f7b0e"
  integrity sha512-uvARrncW6HNTFi7PFe4sq4JqSOKs1vPgWjJjOEyVhsCFwBgYkXxYsJSdDfO8OhvJa3wv+eYFAK5RaUCk80Z8eg==

turbo-darwin-arm64@1.0.28:
  version "1.0.28"
  resolved "https://registry.yarnpkg.com/turbo-darwin-arm64/-/turbo-darwin-arm64-1.0.28.tgz#3ba1a6f9a960321391b8cf809ed8fab0276a499d"
  integrity sha512-d/ANU+RIq4Fx/MphkqFThvwOpb+NYDuR+07aV5w8cwI7ljw7hPAe3EW3CSlkPJhvjs6P/oh+F86jhh1Q581mVA==

turbo-freebsd-64@1.0.28:
  version "1.0.28"
  resolved "https://registry.yarnpkg.com/turbo-freebsd-64/-/turbo-freebsd-64-1.0.28.tgz#f94e39dc455573c0a42f96f1a84649b252bf0571"
  integrity sha512-JMJWftuWhJan+Momc39vbbwaLYEcMpYyBxIrumyIrIkQVaiSKs/6oEFzh1YA+KE16kAgzTPJPXFDkmsY3idAQg==

turbo-freebsd-arm64@1.0.28:
  version "1.0.28"
  resolved "https://registry.yarnpkg.com/turbo-freebsd-arm64/-/turbo-freebsd-arm64-1.0.28.tgz#5551f5c67a82a16ce1ba3193410764bae0849d1a"
  integrity sha512-fGJNE8qJUhosaIK5sGBheeve9y074FLWv8KfYuXMyV/6+dxpNV60HoAFvw8tL3q8TNp47pU6x8e8h+u1/rn1wQ==

turbo-linux-32@1.0.28:
  version "1.0.28"
  resolved "https://registry.yarnpkg.com/turbo-linux-32/-/turbo-linux-32-1.0.28.tgz#742340e6ca7d77c4fb884159bbc8c7faa8d61026"
  integrity sha512-fE0qIExxYuVFo5WlVWY0DJ1YZ/w+EC9RheT9nc1tU2EK83XPE1CZFW4lFIsWsXnIy9337zUeNDFVoVxOxCBSUQ==

turbo-linux-64@1.0.28:
  version "1.0.28"
  resolved "https://registry.yarnpkg.com/turbo-linux-64/-/turbo-linux-64-1.0.28.tgz#167acbd2899c0da9252f755ae74d619aaf99efe6"
  integrity sha512-e+f/O1MlcKCMhJf10q1x+1KSImHwuFUW2+A6DbLk+ekBUW5RELC2qF7hGypCzcpm8xIqtj5A0kP3blFy60AMxw==

turbo-linux-arm64@1.0.28:
  version "1.0.28"
  resolved "https://registry.yarnpkg.com/turbo-linux-arm64/-/turbo-linux-arm64-1.0.28.tgz#785415e2a04125a69c7b1d45073150dbab3985f6"
  integrity sha512-zN0nQClxp4nP4edinbdTd/9CpPjgNPsULc8LgunuJD+B9A0NRcRP5NCDo8/6ctTWs456sE3UhUF3t2b+uEgDzw==

turbo-linux-arm@1.0.28:
  version "1.0.28"
  resolved "https://registry.yarnpkg.com/turbo-linux-arm/-/turbo-linux-arm-1.0.28.tgz#f6de485aa732ba14cc1c851ba30b0f0a901507f3"
  integrity sha512-PbB/RzN4W9M6sNZTvcjmc3PZ2S4CeFyQv/53tSs82pIlwM7NKVJzxVC0j3xCtoqoDDgXoJBhCpPV7MUEjCARQg==

turbo-linux-mips64le@1.0.28:
  version "1.0.28"
  resolved "https://registry.yarnpkg.com/turbo-linux-mips64le/-/turbo-linux-mips64le-1.0.28.tgz#4f993f387d90fa99037ad9592e98648fdb9ca608"
  integrity sha512-7LKmFS9M+AKW5slTHLz00Y4ovZh2CpjgMUkNNC6qtJB8YyWwXwoU0U7Yz28q3+rNVkcEiqWWx4l1Tj1AotTlaA==

turbo-linux-ppc64le@1.0.28:
  version "1.0.28"
  resolved "https://registry.yarnpkg.com/turbo-linux-ppc64le/-/turbo-linux-ppc64le-1.0.28.tgz#053163e9042790102ceb1d299a3b79b1aa197be4"
  integrity sha512-R382Op75XxcIiY1pWPnVnefxOeVbrVAeABIHLL1hKetbu9UPNzKAnQKqJYGzKIdTRKtPh5CQuErEFzs/Ky2ZgA==

turbo-windows-32@1.0.28:
  version "1.0.28"
  resolved "https://registry.yarnpkg.com/turbo-windows-32/-/turbo-windows-32-1.0.28.tgz#b2b735fa56182aaf4095c9e4555fcf39ba050561"
  integrity sha512-SjDgimlD5TMvkrFRtsJb4uVP7T44gwr0HqiIpAuWj1m5d8Pz/OisOoUkM/ISPKqVycIU5JF8wx0+CTnxC7YNhQ==

turbo-windows-64@1.0.28:
  version "1.0.28"
  resolved "https://registry.yarnpkg.com/turbo-windows-64/-/turbo-windows-64-1.0.28.tgz#7a2ad6f8416f04f20a1445c8b7123b80c6b16583"
  integrity sha512-nT7bgcdl/9QNGBiwCYwTQ2VszcsqJ4NqT4YkE954KFZYxgSwMjjVTdoXcsnXMHpWiMiYfFF7HZLecUNnDm1uUA==

turbo@^1.0.28:
  version "1.0.28"
  resolved "https://registry.yarnpkg.com/turbo/-/turbo-1.0.28.tgz#fb33cecd2d025e3140ddbcc8c274f0ed7328f09d"
  integrity sha512-5xmyVabNYqA0sCAU4VLdUS2A6GwIyy8FTszB/Fx4eNHwHudQwo00F2qORcDFwBHE4MqtnRoBFhL3ZJzo8c9A2w==
  optionalDependencies:
    turbo-darwin-64 "1.0.28"
    turbo-darwin-arm64 "1.0.28"
    turbo-freebsd-64 "1.0.28"
    turbo-freebsd-arm64 "1.0.28"
    turbo-linux-32 "1.0.28"
    turbo-linux-64 "1.0.28"
    turbo-linux-arm "1.0.28"
    turbo-linux-arm64 "1.0.28"
    turbo-linux-mips64le "1.0.28"
    turbo-linux-ppc64le "1.0.28"
    turbo-windows-32 "1.0.28"
    turbo-windows-64 "1.0.28"

unified@^10.0.0:
  version "10.1.1"
  resolved "https://registry.yarnpkg.com/unified/-/unified-10.1.1.tgz#345e349e3ab353ab612878338eb9d57b4dea1d46"
  integrity sha512-v4ky1+6BN9X3pQrOdkFIPWAaeDsHPE1svRDxq7YpTc2plkIqFMwukfqM+l0ewpP9EfwARlt9pPFAeWYhHm8X9w==
  dependencies:
    "@types/unist" "^2.0.0"
    bail "^2.0.0"
    extend "^3.0.0"
    is-buffer "^2.0.0"
    is-plain-obj "^4.0.0"
    trough "^2.0.0"
    vfile "^5.0.0"

unist-util-is@^5.0.0:
  version "5.1.1"
  resolved "https://registry.yarnpkg.com/unist-util-is/-/unist-util-is-5.1.1.tgz#e8aece0b102fa9bc097b0fef8f870c496d4a6236"
  integrity sha512-F5CZ68eYzuSvJjGhCLPL3cYx45IxkqXSetCcRgUXtbcm50X2L9oOWQlfUfDdAf+6Pd27YDblBfdtmsThXmwpbQ==

unist-util-stringify-position@^3.0.0:
  version "3.0.0"
  resolved "https://registry.yarnpkg.com/unist-util-stringify-position/-/unist-util-stringify-position-3.0.0.tgz#d517d2883d74d0daa0b565adc3d10a02b4a8cde9"
  integrity sha512-SdfAl8fsDclywZpfMDTVDxA2V7LjtRDTOFd44wUJamgl6OlVngsqWjxvermMYf60elWHbxhuRCZml7AnuXCaSA==
  dependencies:
    "@types/unist" "^2.0.0"

unist-util-visit-parents@^5.0.0:
  version "5.1.0"
  resolved "https://registry.yarnpkg.com/unist-util-visit-parents/-/unist-util-visit-parents-5.1.0.tgz#44bbc5d25f2411e7dfc5cecff12de43296aa8521"
  integrity sha512-y+QVLcY5eR/YVpqDsLf/xh9R3Q2Y4HxkZTp7ViLDU6WtJCEcPmRzW1gpdWDCDIqIlhuPDXOgttqPlykrHYDekg==
  dependencies:
    "@types/unist" "^2.0.0"
    unist-util-is "^5.0.0"

unist-util-visit@^4.0.0, unist-util-visit@^4.1.0:
  version "4.1.0"
  resolved "https://registry.yarnpkg.com/unist-util-visit/-/unist-util-visit-4.1.0.tgz#f41e407a9e94da31594e6b1c9811c51ab0b3d8f5"
  integrity sha512-n7lyhFKJfVZ9MnKtqbsqkQEk5P1KShj0+//V7mAcoI6bpbUjh3C/OG8HVD+pBihfh6Ovl01m8dkcv9HNqYajmQ==
  dependencies:
    "@types/unist" "^2.0.0"
    unist-util-is "^5.0.0"
    unist-util-visit-parents "^5.0.0"

uvu@^0.5.0:
  version "0.5.3"
  resolved "https://registry.yarnpkg.com/uvu/-/uvu-0.5.3.tgz#3d83c5bc1230f153451877bfc7f4aea2392219ae"
  integrity sha512-brFwqA3FXzilmtnIyJ+CxdkInkY/i4ErvP7uV0DnUVxQcQ55reuHphorpF+tZoVHK2MniZ/VJzI7zJQoc9T9Yw==
  dependencies:
    dequal "^2.0.0"
    diff "^5.0.0"
    kleur "^4.0.3"
    sade "^1.7.3"

vfile-message@^3.0.0:
  version "3.1.0"
  resolved "https://registry.yarnpkg.com/vfile-message/-/vfile-message-3.1.0.tgz#5437035aa43185ff4b9210d32fada6c640e59143"
  integrity sha512-4QJbBk+DkPEhBXq3f260xSaWtjE4gPKOfulzfMFF8ZNwaPZieWsg3iVlcmF04+eebzpcpeXOOFMfrYzJHVYg+g==
  dependencies:
    "@types/unist" "^2.0.0"
    unist-util-stringify-position "^3.0.0"

vfile-reporter@^7.0.3:
  version "7.0.3"
  resolved "https://registry.yarnpkg.com/vfile-reporter/-/vfile-reporter-7.0.3.tgz#faa72f6d2d56841b352480c827b53f8417cb1b33"
  integrity sha512-q+ruTWxFHbow359TDqoNJn5THdwRDeV+XUOtzdT/OESgaGw05CjL68ImlbzRzqS5xL62Y1IaIWb8x+RbaNjayA==
  dependencies:
    "@types/supports-color" "^8.0.0"
    string-width "^5.0.0"
    supports-color "^9.0.0"
    unist-util-stringify-position "^3.0.0"
    vfile-sort "^3.0.0"
    vfile-statistics "^2.0.0"

vfile-sort@^3.0.0:
  version "3.0.0"
  resolved "https://registry.yarnpkg.com/vfile-sort/-/vfile-sort-3.0.0.tgz#ee13d3eaac0446200a2047a3b45d78fad6b106e6"
  integrity sha512-fJNctnuMi3l4ikTVcKpxTbzHeCgvDhnI44amA3NVDvA6rTC6oKCFpCVyT5n2fFMr3ebfr+WVQZedOCd73rzSxg==
  dependencies:
    vfile-message "^3.0.0"

vfile-statistics@^2.0.0:
  version "2.0.0"
  resolved "https://registry.yarnpkg.com/vfile-statistics/-/vfile-statistics-2.0.0.tgz#f04ee3e3c666809a3c10c06021becd41ea9c8037"
  integrity sha512-foOWtcnJhKN9M2+20AOTlWi2dxNfAoeNIoxD5GXcO182UJyId4QrXa41fWrgcfV3FWTjdEDy3I4cpLVcQscIMA==
  dependencies:
    vfile-message "^3.0.0"

vfile@^5.0.0:
  version "5.3.0"
  resolved "https://registry.yarnpkg.com/vfile/-/vfile-5.3.0.tgz#4990c78cb3157005590ee8c930b71cd7fa6a006e"
  integrity sha512-Tj44nY/48OQvarrE4FAjUfrv7GZOYzPbl5OD65HxVKwLJKMPU7zmfV8cCgCnzKWnSfYG2f3pxu+ALqs7j22xQQ==
  dependencies:
    "@types/unist" "^2.0.0"
    is-buffer "^2.0.0"
    unist-util-stringify-position "^3.0.0"
    vfile-message "^3.0.0"

vite@^2.7.2:
  version "2.7.13"
  resolved "https://registry.yarnpkg.com/vite/-/vite-2.7.13.tgz#99b56e27dfb1e4399e407cf94648f5c7fb9d77f5"
  integrity sha512-Mq8et7f3aK0SgSxjDNfOAimZGW9XryfHRa/uV0jseQSilg+KhYDSoNb9h1rknOy6SuMkvNDLKCYAYYUMCE+IgQ==
  dependencies:
    esbuild "^0.13.12"
    postcss "^8.4.5"
    resolve "^1.20.0"
    rollup "^2.59.0"
  optionalDependencies:
    fsevents "~2.3.2"

vue@^3.2.25, vue@^3.2.28:
  version "3.2.28"
  resolved "https://registry.yarnpkg.com/vue/-/vue-3.2.28.tgz#840d193bf9713f57a365ef115c4b1286d43e0e5d"
  integrity sha512-U+jBwVh3RQ9AgceLFdT7i2FFujoC+kYuGrKo5y8aLluWKZWPS40WgA2pyYHaiSX9ydCbEGr3rc/JzdqskzD95g==
  dependencies:
    "@vue/compiler-dom" "3.2.28"
    "@vue/compiler-sfc" "3.2.28"
    "@vue/runtime-dom" "3.2.28"
    "@vue/server-renderer" "3.2.28"
    "@vue/shared" "3.2.28"

zwitch@^2.0.0:
  version "2.0.2"
  resolved "https://registry.yarnpkg.com/zwitch/-/zwitch-2.0.2.tgz#91f8d0e901ffa3d66599756dde7f57b17c95dce1"
  integrity sha512-JZxotl7SxAJH0j7dN4pxsTV6ZLXoLdGME+PsjkL/DaBrVryK9kTGq06GfKrwcSOqypP+fdXGoCHE36b99fWVoA==
