{
  "name": "remark-digital-garden",
  "version": "1.0.0",
  "lockfileVersion": 1,
  "requires": true,
  "dependencies": {
    "@types/nlcst": {
      "version": "1.0.0",
      "resolved": "https://registry.npmjs.org/@types/nlcst/-/nlcst-1.0.0.tgz",
      "integrity": "sha512-3TGCfOcy8R8mMQ4CNSNOe3PG66HttvjcLzCoOpvXvDtfWOTi+uT/rxeOKm/qEwbM4SNe1O/PjdiBK2YcTjU4OQ==",
      "requires": {
        "@types/unist": "*"
      }
    },
    "@types/supports-color": {
      "version": "8.1.1",
      "resolved": "https://registry.npmjs.org/@types/supports-color/-/supports-color-8.1.1.tgz",
      "integrity": "sha512-dPWnWsf+kzIG140B8z2w3fr5D03TLWbOAFQl45xUpI3vcizeXriNR5VYkWZ+WTMsUHqZ9Xlt3hrxGNANFyNQfw=="
    },
    "@types/unist": {
      "version": "2.0.6",
      "resolved": "https://registry.npmjs.org/@types/unist/-/unist-2.0.6.tgz",
      "integrity": "sha512-PBjIUxZHOuj0R15/xuwJYjFi+KZdNFrehocChv4g5hu6aFroHue8m0lBP0POdK2nKzbw0cgV1mws8+V/JAcEkQ=="
    },
    "ansi-regex": {
      "version": "6.0.1",
      "resolved": "https://registry.npmjs.org/ansi-regex/-/ansi-regex-6.0.1.tgz",
      "integrity": "sha512-n5M855fKb2SsfMIiFFoVrABHJC8QtHwVx+mHWP3QcEqBHYienj5dHSgjbxtC0WEZXYt4wcD6zrQElDPhFuZgfA=="
    },
    "array-iterate": {
      "version": "1.1.4",
      "resolved": "https://registry.npmjs.org/array-iterate/-/array-iterate-1.1.4.tgz",
      "integrity": "sha512-sNRaPGh9nnmdC8Zf+pT3UqP8rnWj5Hf9wiFGsX3wUQ2yVSIhO2ShFwCoceIPpB41QF6i2OEmrHmCo36xronCVA=="
    },
    "bail": {
      "version": "2.0.2",
      "resolved": "https://registry.npmjs.org/bail/-/bail-2.0.2.tgz",
      "integrity": "sha512-0xO6mYd7JB2YesxDKplafRpsiOzPt9V02ddPCLbY1xYGPOX24NTyN50qnUxgCPcSoYMhKpAuBTjQoRZCAkUDRw=="
    },
    "eastasianwidth": {
      "version": "0.2.0",
      "resolved": "https://registry.npmjs.org/eastasianwidth/-/eastasianwidth-0.2.0.tgz",
      "integrity": "sha512-I88TYZWc9XiYHRQ4/3c5rjjfgkjhLyW2luGIheGERbNQ6OY7yTybanSpDXZa8y7VUP9YmDcYa+eyq4ca7iLqWA=="
    },
    "emoji-regex": {
      "version": "9.2.2",
      "resolved": "https://registry.npmjs.org/emoji-regex/-/emoji-regex-9.2.2.tgz",
      "integrity": "sha512-L18DaJsXSUk2+42pv8mLs5jJT2hqFkFE4j21wOmgbUqsZ2hL72NsUU785g9RXgo3s0ZNgVl42TiHp3ZtOv/Vyg=="
    },
    "extend": {
      "version": "3.0.2",
      "resolved": "https://registry.npmjs.org/extend/-/extend-3.0.2.tgz",
      "integrity": "sha512-fjquC59cD7CyW6urNXK0FBufkZcoiGG80wTuPujX590cB5Ttln20E2UB4S/WARVqhXffZl2LNgS+gQdPIIim/g=="
    },
    "is-buffer": {
      "version": "2.0.5",
      "resolved": "https://registry.npmjs.org/is-buffer/-/is-buffer-2.0.5.tgz",
      "integrity": "sha512-i2R6zNFDwgEHJyQUtJEk0XFi1i0dPFn/oqjK3/vPCcDeJvW5NQ83V8QbicfF1SupOaB0h8ntgBC2YiE7dfyctQ=="
    },
    "is-plain-obj": {
      "version": "4.0.0",
      "resolved": "https://registry.npmjs.org/is-plain-obj/-/is-plain-obj-4.0.0.tgz",
      "integrity": "sha512-NXRbBtUdBioI73y/HmOhogw/U5msYPC9DAtGkJXeFcFWSFZw0mCUsPxk/snTuJHzNKA8kLBK4rH97RMB1BfCXw=="
    },
    "nlcst-to-string": {
      "version": "2.0.4",
      "resolved": "https://registry.npmjs.org/nlcst-to-string/-/nlcst-to-string-2.0.4.tgz",
      "integrity": "sha512-3x3jwTd6UPG7vi5k4GEzvxJ5rDA7hVUIRNHPblKuMVP9Z3xmlsd9cgLcpAMkc5uPOBna82EeshROFhsPkbnTZg=="
    },
    "parse-latin": {
      "version": "5.0.0",
      "resolved": "https://registry.npmjs.org/parse-latin/-/parse-latin-5.0.0.tgz",
      "integrity": "sha512-Ht+4/+AUySMS5HKGAiQpBmkFsHSoGrj6Y83flLCa5OIBdtsVkO3UD4OtboJ0O0vZiOznH02x8qlwg9KLUVXuNg==",
      "requires": {
        "nlcst-to-string": "^2.0.0",
        "unist-util-modify-children": "^2.0.0",
        "unist-util-visit-children": "^1.0.0"
      }
    },
    "retext": {
      "version": "8.1.0",
      "resolved": "https://registry.npmjs.org/retext/-/retext-8.1.0.tgz",
      "integrity": "sha512-N9/Kq7YTn6ZpzfiGW45WfEGJqFf1IM1q8OsRa1CGzIebCJBNCANDRmOrholiDRGKo/We7ofKR4SEvcGAWEMD3Q==",
      "requires": {
        "@types/nlcst": "^1.0.0",
        "retext-latin": "^3.0.0",
        "retext-stringify": "^3.0.0",
        "unified": "^10.0.0"
      }
    },
    "retext-latin": {
      "version": "3.1.0",
      "resolved": "https://registry.npmjs.org/retext-latin/-/retext-latin-3.1.0.tgz",
      "integrity": "sha512-5MrD1tuebzO8ppsja5eEu+ZbBeUNCjoEarn70tkXOS7Bdsdf6tNahsv2bY0Z8VooFF6cw7/6S+d3yI/TMlMVVQ==",
      "requires": {
        "@types/nlcst": "^1.0.0",
        "parse-latin": "^5.0.0",
        "unherit": "^3.0.0",
        "unified": "^10.0.0"
      }
    },
    "retext-stringify": {
      "version": "3.1.0",
      "resolved": "https://registry.npmjs.org/retext-stringify/-/retext-stringify-3.1.0.tgz",
      "integrity": "sha512-767TLOaoXFXyOnjx/EggXlb37ZD2u4P1n0GJqVdpipqACsQP+20W+BNpMYrlJkq7hxffnFk+jc6mAK9qrbuB8w==",
      "requires": {
        "@types/nlcst": "^1.0.0",
        "nlcst-to-string": "^3.0.0",
        "unified": "^10.0.0"
      },
      "dependencies": {
        "nlcst-to-string": {
          "version": "3.1.0",
          "resolved": "https://registry.npmjs.org/nlcst-to-string/-/nlcst-to-string-3.1.0.tgz",
          "integrity": "sha512-Y8HQWKw/zrHTCnu2zcFBN1dV6vN0NUG7s5fkEj380G8tF3R+vA2KG+tDl2QoHVQCTHGHVXwoni2RQkDSFQb1PA==",
          "requires": {
            "@types/nlcst": "^1.0.0"
          }
        }
      }
    },
    "string-width": {
      "version": "5.1.0",
      "resolved": "https://registry.npmjs.org/string-width/-/string-width-5.1.0.tgz",
      "integrity": "sha512-7x54QnN21P+XL/v8SuNKvfgsUre6PXpN7mc77N3HlZv+f1SBRGmjxtOud2Z6FZ8DmdkD/IdjCaf9XXbnqmTZGQ==",
      "requires": {
        "eastasianwidth": "^0.2.0",
        "emoji-regex": "^9.2.2",
        "strip-ansi": "^7.0.1"
      }
    },
    "strip-ansi": {
      "version": "7.0.1",
      "resolved": "https://registry.npmjs.org/strip-ansi/-/strip-ansi-7.0.1.tgz",
      "integrity": "sha512-cXNxvT8dFNRVfhVME3JAe98mkXDYN2O1l7jmcwMnOslDeESg1rF/OZMtK0nRAhiari1unG5cD4jG3rapUAkLbw==",
      "requires": {
        "ansi-regex": "^6.0.1"
      }
    },
    "supports-color": {
      "version": "9.2.1",
      "resolved": "https://registry.npmjs.org/supports-color/-/supports-color-9.2.1.tgz",
      "integrity": "sha512-Obv7ycoCTG51N7y175StI9BlAXrmgZrFhZOb0/PyjHBher/NmsdBgbbQ1Inhq+gIhz6+7Gb+jWF2Vqi7Mf1xnQ=="
    },
    "trough": {
      "version": "2.0.2",
      "resolved": "https://registry.npmjs.org/trough/-/trough-2.0.2.tgz",
      "integrity": "sha512-FnHq5sTMxC0sk957wHDzRnemFnNBvt/gSY99HzK8F7UP5WAbvP70yX5bd7CjEQkN+TjdxwI7g7lJ6podqrG2/w=="
    },
    "unherit": {
      "version": "3.0.0",
      "resolved": "https://registry.npmjs.org/unherit/-/unherit-3.0.0.tgz",
      "integrity": "sha512-UmvIQZGEc9qdLIQ8mv8/61n6PiMgfbOoASPKHpCvII5srShCQSa6jSjBjlZOR4bxt2XnT6uo6csmPKRi+zQ0Jg=="
    },
    "unified": {
      "version": "10.1.1",
      "resolved": "https://registry.npmjs.org/unified/-/unified-10.1.1.tgz",
      "integrity": "sha512-v4ky1+6BN9X3pQrOdkFIPWAaeDsHPE1svRDxq7YpTc2plkIqFMwukfqM+l0ewpP9EfwARlt9pPFAeWYhHm8X9w==",
      "requires": {
        "@types/unist": "^2.0.0",
        "bail": "^2.0.0",
        "extend": "^3.0.0",
        "is-buffer": "^2.0.0",
        "is-plain-obj": "^4.0.0",
        "trough": "^2.0.0",
        "vfile": "^5.0.0"
      }
    },
    "unist-util-is": {
      "version": "5.1.1",
      "resolved": "https://registry.npmjs.org/unist-util-is/-/unist-util-is-5.1.1.tgz",
      "integrity": "sha512-F5CZ68eYzuSvJjGhCLPL3cYx45IxkqXSetCcRgUXtbcm50X2L9oOWQlfUfDdAf+6Pd27YDblBfdtmsThXmwpbQ=="
    },
    "unist-util-modify-children": {
      "version": "2.0.0",
      "resolved": "https://registry.npmjs.org/unist-util-modify-children/-/unist-util-modify-children-2.0.0.tgz",
      "integrity": "sha512-HGrj7JQo9DwZt8XFsX8UD4gGqOsIlCih9opG6Y+N11XqkBGKzHo8cvDi+MfQQgiZ7zXRUiQREYHhjOBHERTMdg==",
      "requires": {
        "array-iterate": "^1.0.0"
      }
    },
    "unist-util-stringify-position": {
      "version": "3.0.0",
      "resolved": "https://registry.npmjs.org/unist-util-stringify-position/-/unist-util-stringify-position-3.0.0.tgz",
      "integrity": "sha512-SdfAl8fsDclywZpfMDTVDxA2V7LjtRDTOFd44wUJamgl6OlVngsqWjxvermMYf60elWHbxhuRCZml7AnuXCaSA==",
      "requires": {
        "@types/unist": "^2.0.0"
      }
    },
    "unist-util-visit": {
      "version": "4.1.0",
      "resolved": "https://registry.npmjs.org/unist-util-visit/-/unist-util-visit-4.1.0.tgz",
      "integrity": "sha512-n7lyhFKJfVZ9MnKtqbsqkQEk5P1KShj0+//V7mAcoI6bpbUjh3C/OG8HVD+pBihfh6Ovl01m8dkcv9HNqYajmQ==",
      "requires": {
        "@types/unist": "^2.0.0",
        "unist-util-is": "^5.0.0",
        "unist-util-visit-parents": "^5.0.0"
      }
    },
    "unist-util-visit-children": {
      "version": "1.1.4",
      "resolved": "https://registry.npmjs.org/unist-util-visit-children/-/unist-util-visit-children-1.1.4.tgz",
      "integrity": "sha512-sA/nXwYRCQVRwZU2/tQWUqJ9JSFM1X3x7JIOsIgSzrFHcfVt6NkzDtKzyxg2cZWkCwGF9CO8x4QNZRJRMK8FeQ=="
    },
    "unist-util-visit-parents": {
      "version": "5.1.0",
      "resolved": "https://registry.npmjs.org/unist-util-visit-parents/-/unist-util-visit-parents-5.1.0.tgz",
      "integrity": "sha512-y+QVLcY5eR/YVpqDsLf/xh9R3Q2Y4HxkZTp7ViLDU6WtJCEcPmRzW1gpdWDCDIqIlhuPDXOgttqPlykrHYDekg==",
      "requires": {
        "@types/unist": "^2.0.0",
        "unist-util-is": "^5.0.0"
      }
    },
    "vfile": {
      "version": "5.3.0",
      "resolved": "https://registry.npmjs.org/vfile/-/vfile-5.3.0.tgz",
      "integrity": "sha512-Tj44nY/48OQvarrE4FAjUfrv7GZOYzPbl5OD65HxVKwLJKMPU7zmfV8cCgCnzKWnSfYG2f3pxu+ALqs7j22xQQ==",
      "requires": {
        "@types/unist": "^2.0.0",
        "is-buffer": "^2.0.0",
        "unist-util-stringify-position": "^3.0.0",
        "vfile-message": "^3.0.0"
      }
    },
    "vfile-message": {
      "version": "3.1.0",
      "resolved": "https://registry.npmjs.org/vfile-message/-/vfile-message-3.1.0.tgz",
      "integrity": "sha512-4QJbBk+DkPEhBXq3f260xSaWtjE4gPKOfulzfMFF8ZNwaPZieWsg3iVlcmF04+eebzpcpeXOOFMfrYzJHVYg+g==",
      "requires": {
        "@types/unist": "^2.0.0",
        "unist-util-stringify-position": "^3.0.0"
      }
    },
    "vfile-reporter": {
      "version": "7.0.3",
      "resolved": "https://registry.npmjs.org/vfile-reporter/-/vfile-reporter-7.0.3.tgz",
      "integrity": "sha512-q+ruTWxFHbow359TDqoNJn5THdwRDeV+XUOtzdT/OESgaGw05CjL68ImlbzRzqS5xL62Y1IaIWb8x+RbaNjayA==",
      "requires": {
        "@types/supports-color": "^8.0.0",
        "string-width": "^5.0.0",
        "supports-color": "^9.0.0",
        "unist-util-stringify-position": "^3.0.0",
        "vfile-sort": "^3.0.0",
        "vfile-statistics": "^2.0.0"
      }
    },
    "vfile-sort": {
      "version": "3.0.0",
      "resolved": "https://registry.npmjs.org/vfile-sort/-/vfile-sort-3.0.0.tgz",
      "integrity": "sha512-fJNctnuMi3l4ikTVcKpxTbzHeCgvDhnI44amA3NVDvA6rTC6oKCFpCVyT5n2fFMr3ebfr+WVQZedOCd73rzSxg==",
      "requires": {
        "vfile-message": "^3.0.0"
      }
    },
    "vfile-statistics": {
      "version": "2.0.0",
      "resolved": "https://registry.npmjs.org/vfile-statistics/-/vfile-statistics-2.0.0.tgz",
      "integrity": "sha512-foOWtcnJhKN9M2+20AOTlWi2dxNfAoeNIoxD5GXcO182UJyId4QrXa41fWrgcfV3FWTjdEDy3I4cpLVcQscIMA==",
      "requires": {
        "vfile-message": "^3.0.0"
      }
    }
  }
}
